
Microsoft Visual Studio Solution File, Format Version 12.00
# Visual Studio 2012
Project("{FAE04EC0-301F-11D3-BF4B-00C04F79EFBC}") = "QuanLiNhaSach", "QuanLiNhaSach\QuanLiNhaSach.csproj", "{81223F96-4A0E-47C5-912E-3A6C2142CA26}"
EndProject
Project("{FAE04EC0-301F-11D3-BF4B-00C04F79EFBC}") = "MyLibrary", "MyLibrary\MyLibrary.csproj", "{FD862421-B9D0-4EC5-999C-D0A19026E982}"
EndProject
Global
	GlobalSection(SolutionConfigurationPlatforms) = preSolution
		Debug|Any CPU = Debug|Any CPU
		Release|Any CPU = Release|Any CPU
	EndGlobalSection
	GlobalSection(ProjectConfigurationPlatforms) = postSolution
		{81223F96-4A0E-47C5-912E-3A6C2142CA26}.Debug|Any CPU.ActiveCfg = Debug|Any CPU
		{81223F96-4A0E-47C5-912E-3A6C2142CA26}.Debug|Any CPU.Build.0 = Debug|Any CPU
		{81223F96-4A0E-47C5-912E-3A6C2142CA26}.Release|Any CPU.ActiveCfg = Release|Any CPU
		{81223F96-4A0E-47C5-912E-3A6C2142CA26}.Release|Any CPU.Build.0 = Release|Any CPU
		{FD862421-B9D0-4EC5-999C-D0A19026E982}.Debug|Any CPU.ActiveCfg = Debug|Any CPU
		{FD862421-B9D0-4EC5-999C-D0A19026E982}.Debug|Any CPU.Build.0 = Debug|Any CPU
		{FD862421-B9D0-4EC5-999C-D0A19026E982}.Release|Any CPU.ActiveCfg = Release|Any CPU
		{FD862421-B9D0-4EC5-999C-D0A19026E982}.Release|Any CPU.Build.0 = Release|Any CPU
	EndGlobalSection
	GlobalSection(SolutionProperties) = preSolution
		HideSolutionNode = FALSE
	EndGlobalSection
EndGlobal
